
Microsoft Visual Studio Solution File, Format Version 12.00
# Visual Studio Version 17
VisualStudioVersion = 17.1.32319.34
MinimumVisualStudioVersion = 10.0.40219.1
Project("{FAE04EC0-301F-11D3-BF4B-00C04F79EFBC}") = "Do_An_PBL03", "Do_An_PBL03.csproj", "{C19CF7F4-343B-41AA-8284-58B367B6B37A}"
EndProject
Global
	GlobalSection(SolutionConfigurationPlatforms) = preSolution
		Debug|Any CPU = Debug|Any CPU
		Release|Any CPU = Release|Any CPU
	EndGlobalSection
	GlobalSection(ProjectConfigurationPlatforms) = postSolution
		{C19CF7F4-343B-41AA-8284-58B367B6B37A}.Debug|Any CPU.ActiveCfg = Debug|Any CPU
		{C19CF7F4-343B-41AA-8284-58B367B6B37A}.Debug|Any CPU.Build.0 = Debug|Any CPU
		{C19CF7F4-343B-41AA-8284-58B367B6B37A}.Release|Any CPU.ActiveCfg = Release|Any CPU
		{C19CF7F4-343B-41AA-8284-58B367B6B37A}.Release|Any CPU.Build.0 = Release|Any CPU
	EndGlobalSection
	GlobalSection(SolutionProperties) = preSolution
		HideSolutionNode = FALSE
	EndGlobalSection
	GlobalSection(ExtensibilityGlobals) = postSolution
		SolutionGuid = {26BF6A64-CE39-40D4-A805-6179A5AAD03A}
	EndGlobalSection
EndGlobal
